
Microsoft Visual Studio Solution File, Format Version 12.00
# Visual Studio Version 16
VisualStudioVersion = 16.0.29215.179
MinimumVisualStudioVersion = 10.0.40219.1
Project("{FAE04EC0-301F-11D3-BF4B-00C04F79EFBC}") = "Laporan2no3", "Laporan2no3.csproj", "{BB72CB6D-B595-4C8F-9598-9C2440DEA4A3}"
EndProject
Global
	GlobalSection(SolutionConfigurationPlatforms) = preSolution
		Debug|Any CPU = Debug|Any CPU
		Release|Any CPU = Release|Any CPU
	EndGlobalSection
	GlobalSection(ProjectConfigurationPlatforms) = postSolution
		{BB72CB6D-B595-4C8F-9598-9C2440DEA4A3}.Debug|Any CPU.ActiveCfg = Debug|Any CPU
		{BB72CB6D-B595-4C8F-9598-9C2440DEA4A3}.Debug|Any CPU.Build.0 = Debug|Any CPU
		{BB72CB6D-B595-4C8F-9598-9C2440DEA4A3}.Release|Any CPU.ActiveCfg = Release|Any CPU
		{BB72CB6D-B595-4C8F-9598-9C2440DEA4A3}.Release|Any CPU.Build.0 = Release|Any CPU
	EndGlobalSection
	GlobalSection(SolutionProperties) = preSolution
		HideSolutionNode = FALSE
	EndGlobalSection
	GlobalSection(ExtensibilityGlobals) = postSolution
		SolutionGuid = {6DAD77C4-A575-411A-BF5F-7E82436AD7C0}
	EndGlobalSection
EndGlobal
